
Microsoft Visual Studio Solution File, Format Version 12.00
# Visual Studio 15
Project("{FAE04EC0-301F-11D3-BF4B-00C04F79EFBC}") = "ExampleProject", "TestProject\ExampleProject.csproj", "{F999232E-BFB2-4C23-A0BE-D3D05EEAC573}"
EndProject
Global
	GlobalSection(SolutionConfigurationPlatforms) = preSolution
		Debug|Any CPU = Debug|Any CPU
		Release|Any CPU = Release|Any CPU
	EndGlobalSection
	GlobalSection(ProjectConfigurationPlatforms) = postSolution
		{F999232E-BFB2-4C23-A0BE-D3D05EEAC573}.Debug|Any CPU.ActiveCfg = Debug|Any CPU
		{F999232E-BFB2-4C23-A0BE-D3D05EEAC573}.Debug|Any CPU.Build.0 = Debug|Any CPU
		{F999232E-BFB2-4C23-A0BE-D3D05EEAC573}.Release|Any CPU.ActiveCfg = Release|Any CPU
		{F999232E-BFB2-4C23-A0BE-D3D05EEAC573}.Release|Any CPU.Build.0 = Release|Any CPU
	EndGlobalSection
EndGlobal
